
Microsoft Visual Studio Solution File, Format Version 12.00
# Visual Studio 15
VisualStudioVersion = 15.0.26430.16
MinimumVisualStudioVersion = 10.0.40219.1
Project("{2150E333-8FDC-42A3-9474-1A3956D46DE8}") = "01-DesignGuideline", "01-DesignGuideline", "{9E3F3296-8962-4358-966C-83504787154E}"
EndProject
Project("{2150E333-8FDC-42A3-9474-1A3956D46DE8}") = "02-Generics", "02-Generics", "{48A8373B-3A18-4660-8333-12FAAE3313D4}"
EndProject
Project("{2150E333-8FDC-42A3-9474-1A3956D46DE8}") = "03-Collections", "03-Collections", "{9A86F5D2-89D9-4507-9990-41C118832FDB}"
EndProject
Project("{2150E333-8FDC-42A3-9474-1A3956D46DE8}") = "04-Enumerable", "04-Enumerable", "{6603308D-6C4A-4233-84B1-54918A8F7667}"
EndProject
Project("{2150E333-8FDC-42A3-9474-1A3956D46DE8}") = "05-LinqToXml", "05-LinqToXml", "{DB6BE8C8-B9D0-44DC-AFD0-811D581BB569}"
EndProject
Project("{2150E333-8FDC-42A3-9474-1A3956D46DE8}") = "06-IQueryable", "06-IQueryable", "{5FF70E2A-EAEA-432B-8F55-47D5AB2733D4}"
EndProject
Project("{2150E333-8FDC-42A3-9474-1A3956D46DE8}") = "07-IO Streams", "07-IO Streams", "{DEE84EE6-CF51-4986-AE17-4D14095DAF5D}"
EndProject
Project("{2150E333-8FDC-42A3-9474-1A3956D46DE8}") = "08-AsyncIO", "08-AsyncIO", "{3E178334-7AD6-404E-9850-4310D5B4003F}"
EndProject
Project("{2150E333-8FDC-42A3-9474-1A3956D46DE8}") = "09-Serialization", "09-Serialization", "{F0E205D1-A9C3-45D0-8156-2A3D547BE6ED}"
EndProject
Project("{2150E333-8FDC-42A3-9474-1A3956D46DE8}") = "10-Reflection", "10-Reflection", "{83666232-E8C5-4182-AF3E-74D5356934A5}"
EndProject
Project("{FAE04EC0-301F-11D3-BF4B-00C04F79EFBC}") = "CODEST", "01-DesignGuideline\CODEST.csproj", "{8726B52B-3EE1-4AC1-87E8-92BD462FF308}"
EndProject
Project("{FAE04EC0-301F-11D3-BF4B-00C04F79EFBC}") = "Generics", "02-Generics\Generics\Generics.csproj", "{A42944AD-4AA8-4B66-A08C-33B6D7B3AD68}"
EndProject
Project("{FAE04EC0-301F-11D3-BF4B-00C04F79EFBC}") = "Generics.Test", "02-Generics\Generics.Test\Generics.Test.csproj", "{383D899F-0C68-4477-A930-CAE5E0213CCA}"
EndProject
Project("{FAE04EC0-301F-11D3-BF4B-00C04F79EFBC}") = "Collections", "03-Collections\Collections\Collections.csproj", "{7278163E-6F20-46A0-BCA8-711511955B75}"
EndProject
Project("{FAE04EC0-301F-11D3-BF4B-00C04F79EFBC}") = "Collections.Test", "03-Collections\Collections.Test\Collections.Test.csproj", "{1CA4DE9B-617B-477A-8100-406BE8FAEB42}"
EndProject
Project("{FAE04EC0-301F-11D3-BF4B-00C04F79EFBC}") = "Enumerable", "04-Enumerable\Enumerable\Enumerable.csproj", "{2919A96B-467E-4780-BA5F-100F9F9AC15F}"
EndProject
Project("{FAE04EC0-301F-11D3-BF4B-00C04F79EFBC}") = "EnumerableTest", "04-Enumerable\EnumerableTest\EnumerableTest.csproj", "{F5ABEB57-0203-4068-8D07-1EB00DFAF162}"
EndProject
Project("{FAE04EC0-301F-11D3-BF4B-00C04F79EFBC}") = "LinqToXml", "05-LinqToXml\LinqToXml\LinqToXml.csproj", "{3AA48DB5-2E9B-4FC1-8F67-3CED60CF615C}"
EndProject
Project("{FAE04EC0-301F-11D3-BF4B-00C04F79EFBC}") = "LinqToXml.Test", "05-LinqToXml\LinqToXml.Test\LinqToXml.Test.csproj", "{751258AD-D6F6-4293-BD15-2CAE1227F5A6}"
EndProject
Project("{FAE04EC0-301F-11D3-BF4B-00C04F79EFBC}") = "IQueryable", "06-IQueryable\IQueryable\IQueryable.csproj", "{9BE6C22B-4F20-4929-877B-F81F61B91395}"
EndProject
Project("{FAE04EC0-301F-11D3-BF4B-00C04F79EFBC}") = "IQueryableTests.Tests", "06-IQueryable\IQueryable.Tests\IQueryableTests.Tests.csproj", "{DDA30E30-BBA5-4A70-A48C-B779EA808711}"
EndProject
Project("{FAE04EC0-301F-11D3-BF4B-00C04F79EFBC}") = "IOStreams", "07-IO Streams\IOStreams\IOStreams.csproj", "{026FD11C-3DD6-4713-AF45-18B09AEA0509}"
EndProject
Project("{FAE04EC0-301F-11D3-BF4B-00C04F79EFBC}") = "IOStreams.Tests", "07-IO Streams\IOStreams.Tests\IOStreams.Tests.csproj", "{8F305B6B-2CCE-4014-820F-959405D3AA17}"
EndProject
Project("{FAE04EC0-301F-11D3-BF4B-00C04F79EFBC}") = "AsyncIO", "08-AsyncIO\AsyncIO\AsyncIO.csproj", "{62D1C220-56E2-4374-A9B4-787B6B1EC554}"
EndProject
Project("{FAE04EC0-301F-11D3-BF4B-00C04F79EFBC}") = "AsyncIO.Tests", "08-AsyncIO\AsyncIO.Tests\AsyncIO.Tests.csproj", "{FA564AE2-4199-4F91-997E-E524CF87AEE1}"
EndProject
Project("{FAE04EC0-301F-11D3-BF4B-00C04F79EFBC}") = "Serialization.Tasks", "09-Serialization\Serialization.Tasks\Serialization.Tasks.csproj", "{0438E47E-14FA-4029-B890-5B5B5F8CAB4D}"
EndProject
Project("{FAE04EC0-301F-11D3-BF4B-00C04F79EFBC}") = "Serialization.Tests", "09-Serialization\Serialization.Tests\Serialization.Tests.csproj", "{D24022C3-03C6-48DB-B07D-D0DEB5761E2A}"
EndProject
Project("{FAE04EC0-301F-11D3-BF4B-00C04F79EFBC}") = "Reflection.Tasks", "10-Reflection\Reflection.Tasks\Reflection.Tasks.csproj", "{0FB8F967-9303-49F2-85BB-382F0F978781}"
EndProject
Project("{FAE04EC0-301F-11D3-BF4B-00C04F79EFBC}") = "Reflection.Tests", "10-Reflection\Reflection.Tests\Reflection.Tests.csproj", "{E637CD01-12D9-43F4-9CBB-809271689A11}"
EndProject
Global
	GlobalSection(SolutionConfigurationPlatforms) = preSolution
		Debug|Any CPU = Debug|Any CPU
		Release|Any CPU = Release|Any CPU
	EndGlobalSection
	GlobalSection(ProjectConfigurationPlatforms) = postSolution
		{8726B52B-3EE1-4AC1-87E8-92BD462FF308}.Debug|Any CPU.ActiveCfg = Debug|Any CPU
		{8726B52B-3EE1-4AC1-87E8-92BD462FF308}.Debug|Any CPU.Build.0 = Debug|Any CPU
		{8726B52B-3EE1-4AC1-87E8-92BD462FF308}.Release|Any CPU.ActiveCfg = Release|Any CPU
		{8726B52B-3EE1-4AC1-87E8-92BD462FF308}.Release|Any CPU.Build.0 = Release|Any CPU
		{A42944AD-4AA8-4B66-A08C-33B6D7B3AD68}.Debug|Any CPU.ActiveCfg = Debug|Any CPU
		{A42944AD-4AA8-4B66-A08C-33B6D7B3AD68}.Debug|Any CPU.Build.0 = Debug|Any CPU
		{A42944AD-4AA8-4B66-A08C-33B6D7B3AD68}.Release|Any CPU.ActiveCfg = Release|Any CPU
		{A42944AD-4AA8-4B66-A08C-33B6D7B3AD68}.Release|Any CPU.Build.0 = Release|Any CPU
		{383D899F-0C68-4477-A930-CAE5E0213CCA}.Debug|Any CPU.ActiveCfg = Debug|Any CPU
		{383D899F-0C68-4477-A930-CAE5E0213CCA}.Debug|Any CPU.Build.0 = Debug|Any CPU
		{383D899F-0C68-4477-A930-CAE5E0213CCA}.Release|Any CPU.ActiveCfg = Release|Any CPU
		{383D899F-0C68-4477-A930-CAE5E0213CCA}.Release|Any CPU.Build.0 = Release|Any CPU
		{7278163E-6F20-46A0-BCA8-711511955B75}.Debug|Any CPU.ActiveCfg = Debug|Any CPU
		{7278163E-6F20-46A0-BCA8-711511955B75}.Debug|Any CPU.Build.0 = Debug|Any CPU
		{7278163E-6F20-46A0-BCA8-711511955B75}.Release|Any CPU.ActiveCfg = Release|Any CPU
		{7278163E-6F20-46A0-BCA8-711511955B75}.Release|Any CPU.Build.0 = Release|Any CPU
		{1CA4DE9B-617B-477A-8100-406BE8FAEB42}.Debug|Any CPU.ActiveCfg = Debug|Any CPU
		{1CA4DE9B-617B-477A-8100-406BE8FAEB42}.Debug|Any CPU.Build.0 = Debug|Any CPU
		{1CA4DE9B-617B-477A-8100-406BE8FAEB42}.Release|Any CPU.ActiveCfg = Release|Any CPU
		{1CA4DE9B-617B-477A-8100-406BE8FAEB42}.Release|Any CPU.Build.0 = Release|Any CPU
		{2919A96B-467E-4780-BA5F-100F9F9AC15F}.Debug|Any CPU.ActiveCfg = Debug|Any CPU
		{2919A96B-467E-4780-BA5F-100F9F9AC15F}.Debug|Any CPU.Build.0 = Debug|Any CPU
		{2919A96B-467E-4780-BA5F-100F9F9AC15F}.Release|Any CPU.ActiveCfg = Release|Any CPU
		{2919A96B-467E-4780-BA5F-100F9F9AC15F}.Release|Any CPU.Build.0 = Release|Any CPU
		{F5ABEB57-0203-4068-8D07-1EB00DFAF162}.Debug|Any CPU.ActiveCfg = Debug|Any CPU
		{F5ABEB57-0203-4068-8D07-1EB00DFAF162}.Debug|Any CPU.Build.0 = Debug|Any CPU
		{F5ABEB57-0203-4068-8D07-1EB00DFAF162}.Release|Any CPU.ActiveCfg = Release|Any CPU
		{F5ABEB57-0203-4068-8D07-1EB00DFAF162}.Release|Any CPU.Build.0 = Release|Any CPU
		{3AA48DB5-2E9B-4FC1-8F67-3CED60CF615C}.Debug|Any CPU.ActiveCfg = Debug|Any CPU
		{3AA48DB5-2E9B-4FC1-8F67-3CED60CF615C}.Debug|Any CPU.Build.0 = Debug|Any CPU
		{3AA48DB5-2E9B-4FC1-8F67-3CED60CF615C}.Release|Any CPU.ActiveCfg = Release|Any CPU
		{3AA48DB5-2E9B-4FC1-8F67-3CED60CF615C}.Release|Any CPU.Build.0 = Release|Any CPU
		{751258AD-D6F6-4293-BD15-2CAE1227F5A6}.Debug|Any CPU.ActiveCfg = Debug|Any CPU
		{751258AD-D6F6-4293-BD15-2CAE1227F5A6}.Debug|Any CPU.Build.0 = Debug|Any CPU
		{751258AD-D6F6-4293-BD15-2CAE1227F5A6}.Release|Any CPU.ActiveCfg = Release|Any CPU
		{751258AD-D6F6-4293-BD15-2CAE1227F5A6}.Release|Any CPU.Build.0 = Release|Any CPU
		{9BE6C22B-4F20-4929-877B-F81F61B91395}.Debug|Any CPU.ActiveCfg = Debug|Any CPU
		{9BE6C22B-4F20-4929-877B-F81F61B91395}.Debug|Any CPU.Build.0 = Debug|Any CPU
		{9BE6C22B-4F20-4929-877B-F81F61B91395}.Release|Any CPU.ActiveCfg = Release|Any CPU
		{9BE6C22B-4F20-4929-877B-F81F61B91395}.Release|Any CPU.Build.0 = Release|Any CPU
		{DDA30E30-BBA5-4A70-A48C-B779EA808711}.Debug|Any CPU.ActiveCfg = Debug|Any CPU
		{DDA30E30-BBA5-4A70-A48C-B779EA808711}.Debug|Any CPU.Build.0 = Debug|Any CPU
		{DDA30E30-BBA5-4A70-A48C-B779EA808711}.Release|Any CPU.ActiveCfg = Release|Any CPU
		{DDA30E30-BBA5-4A70-A48C-B779EA808711}.Release|Any CPU.Build.0 = Release|Any CPU
		{026FD11C-3DD6-4713-AF45-18B09AEA0509}.Debug|Any CPU.ActiveCfg = Debug|Any CPU
		{026FD11C-3DD6-4713-AF45-18B09AEA0509}.Debug|Any CPU.Build.0 = Debug|Any CPU
		{026FD11C-3DD6-4713-AF45-18B09AEA0509}.Release|Any CPU.ActiveCfg = Release|Any CPU
		{026FD11C-3DD6-4713-AF45-18B09AEA0509}.Release|Any CPU.Build.0 = Release|Any CPU
		{8F305B6B-2CCE-4014-820F-959405D3AA17}.Debug|Any CPU.ActiveCfg = Debug|Any CPU
		{8F305B6B-2CCE-4014-820F-959405D3AA17}.Debug|Any CPU.Build.0 = Debug|Any CPU
		{8F305B6B-2CCE-4014-820F-959405D3AA17}.Release|Any CPU.ActiveCfg = Release|Any CPU
		{8F305B6B-2CCE-4014-820F-959405D3AA17}.Release|Any CPU.Build.0 = Release|Any CPU
		{62D1C220-56E2-4374-A9B4-787B6B1EC554}.Debug|Any CPU.ActiveCfg = Debug|Any CPU
		{62D1C220-56E2-4374-A9B4-787B6B1EC554}.Debug|Any CPU.Build.0 = Debug|Any CPU
		{62D1C220-56E2-4374-A9B4-787B6B1EC554}.Release|Any CPU.ActiveCfg = Release|Any CPU
		{62D1C220-56E2-4374-A9B4-787B6B1EC554}.Release|Any CPU.Build.0 = Release|Any CPU
		{FA564AE2-4199-4F91-997E-E524CF87AEE1}.Debug|Any CPU.ActiveCfg = Debug|Any CPU
		{FA564AE2-4199-4F91-997E-E524CF87AEE1}.Debug|Any CPU.Build.0 = Debug|Any CPU
		{FA564AE2-4199-4F91-997E-E524CF87AEE1}.Release|Any CPU.ActiveCfg = Release|Any CPU
		{FA564AE2-4199-4F91-997E-E524CF87AEE1}.Release|Any CPU.Build.0 = Release|Any CPU
		{0438E47E-14FA-4029-B890-5B5B5F8CAB4D}.Debug|Any CPU.ActiveCfg = Debug|Any CPU
		{0438E47E-14FA-4029-B890-5B5B5F8CAB4D}.Debug|Any CPU.Build.0 = Debug|Any CPU
		{0438E47E-14FA-4029-B890-5B5B5F8CAB4D}.Release|Any CPU.ActiveCfg = Release|Any CPU
		{0438E47E-14FA-4029-B890-5B5B5F8CAB4D}.Release|Any CPU.Build.0 = Release|Any CPU
		{D24022C3-03C6-48DB-B07D-D0DEB5761E2A}.Debug|Any CPU.ActiveCfg = Debug|Any CPU
		{D24022C3-03C6-48DB-B07D-D0DEB5761E2A}.Debug|Any CPU.Build.0 = Debug|Any CPU
		{D24022C3-03C6-48DB-B07D-D0DEB5761E2A}.Release|Any CPU.ActiveCfg = Release|Any CPU
		{D24022C3-03C6-48DB-B07D-D0DEB5761E2A}.Release|Any CPU.Build.0 = Release|Any CPU
		{0FB8F967-9303-49F2-85BB-382F0F978781}.Debug|Any CPU.ActiveCfg = Debug|Any CPU
		{0FB8F967-9303-49F2-85BB-382F0F978781}.Debug|Any CPU.Build.0 = Debug|Any CPU
		{0FB8F967-9303-49F2-85BB-382F0F978781}.Release|Any CPU.ActiveCfg = Release|Any CPU
		{0FB8F967-9303-49F2-85BB-382F0F978781}.Release|Any CPU.Build.0 = Release|Any CPU
		{E637CD01-12D9-43F4-9CBB-809271689A11}.Debug|Any CPU.ActiveCfg = Debug|Any CPU
		{E637CD01-12D9-43F4-9CBB-809271689A11}.Debug|Any CPU.Build.0 = Debug|Any CPU
		{E637CD01-12D9-43F4-9CBB-809271689A11}.Release|Any CPU.ActiveCfg = Release|Any CPU
		{E637CD01-12D9-43F4-9CBB-809271689A11}.Release|Any CPU.Build.0 = Release|Any CPU
	EndGlobalSection
	GlobalSection(SolutionProperties) = preSolution
		HideSolutionNode = FALSE
	EndGlobalSection
	GlobalSection(NestedProjects) = preSolution
		{8726B52B-3EE1-4AC1-87E8-92BD462FF308} = {9E3F3296-8962-4358-966C-83504787154E}
		{A42944AD-4AA8-4B66-A08C-33B6D7B3AD68} = {48A8373B-3A18-4660-8333-12FAAE3313D4}
		{383D899F-0C68-4477-A930-CAE5E0213CCA} = {48A8373B-3A18-4660-8333-12FAAE3313D4}
		{7278163E-6F20-46A0-BCA8-711511955B75} = {9A86F5D2-89D9-4507-9990-41C118832FDB}
		{1CA4DE9B-617B-477A-8100-406BE8FAEB42} = {9A86F5D2-89D9-4507-9990-41C118832FDB}
		{2919A96B-467E-4780-BA5F-100F9F9AC15F} = {6603308D-6C4A-4233-84B1-54918A8F7667}
		{F5ABEB57-0203-4068-8D07-1EB00DFAF162} = {6603308D-6C4A-4233-84B1-54918A8F7667}
		{3AA48DB5-2E9B-4FC1-8F67-3CED60CF615C} = {DB6BE8C8-B9D0-44DC-AFD0-811D581BB569}
		{751258AD-D6F6-4293-BD15-2CAE1227F5A6} = {DB6BE8C8-B9D0-44DC-AFD0-811D581BB569}
		{9BE6C22B-4F20-4929-877B-F81F61B91395} = {5FF70E2A-EAEA-432B-8F55-47D5AB2733D4}
		{DDA30E30-BBA5-4A70-A48C-B779EA808711} = {5FF70E2A-EAEA-432B-8F55-47D5AB2733D4}
		{026FD11C-3DD6-4713-AF45-18B09AEA0509} = {DEE84EE6-CF51-4986-AE17-4D14095DAF5D}
		{8F305B6B-2CCE-4014-820F-959405D3AA17} = {DEE84EE6-CF51-4986-AE17-4D14095DAF5D}
		{62D1C220-56E2-4374-A9B4-787B6B1EC554} = {3E178334-7AD6-404E-9850-4310D5B4003F}
		{FA564AE2-4199-4F91-997E-E524CF87AEE1} = {3E178334-7AD6-404E-9850-4310D5B4003F}
		{0438E47E-14FA-4029-B890-5B5B5F8CAB4D} = {F0E205D1-A9C3-45D0-8156-2A3D547BE6ED}
		{D24022C3-03C6-48DB-B07D-D0DEB5761E2A} = {F0E205D1-A9C3-45D0-8156-2A3D547BE6ED}
		{0FB8F967-9303-49F2-85BB-382F0F978781} = {83666232-E8C5-4182-AF3E-74D5356934A5}
		{E637CD01-12D9-43F4-9CBB-809271689A11} = {83666232-E8C5-4182-AF3E-74D5356934A5}
	EndGlobalSection
EndGlobal
